
Microsoft Visual Studio Solution File, Format Version 12.00
# Visual Studio Version 17
VisualStudioVersion = 17.0.31903.59
MinimumVisualStudioVersion = 10.0.40219.1
Project("{FAE04EC0-301F-11D3-BF4B-00C04F79EFBC}") = "MyTest.Api", "MyTest.Api\MyTest.Api.csproj", "{E4B59BC0-55CC-47E4-B16A-648426F6D063}"
EndProject
Project("{FAE04EC0-301F-11D3-BF4B-00C04F79EFBC}") = "MyTest.Tests", "MyTest.Tests\MyTest.Tests.csproj", "{E3117E05-4307-4EAF-B638-D3DAF678AADB}"
EndProject
Global
	GlobalSection(SolutionConfigurationPlatforms) = preSolution
		Debug|Any CPU = Debug|Any CPU
		Release|Any CPU = Release|Any CPU
	EndGlobalSection
	GlobalSection(SolutionProperties) = preSolution
		HideSolutionNode = FALSE
	EndGlobalSection
	GlobalSection(ProjectConfigurationPlatforms) = postSolution
		{E4B59BC0-55CC-47E4-B16A-648426F6D063}.Debug|Any CPU.ActiveCfg = Debug|Any CPU
		{E4B59BC0-55CC-47E4-B16A-648426F6D063}.Debug|Any CPU.Build.0 = Debug|Any CPU
		{E4B59BC0-55CC-47E4-B16A-648426F6D063}.Release|Any CPU.ActiveCfg = Release|Any CPU
		{E4B59BC0-55CC-47E4-B16A-648426F6D063}.Release|Any CPU.Build.0 = Release|Any CPU
		{E3117E05-4307-4EAF-B638-D3DAF678AADB}.Debug|Any CPU.ActiveCfg = Debug|Any CPU
		{E3117E05-4307-4EAF-B638-D3DAF678AADB}.Debug|Any CPU.Build.0 = Debug|Any CPU
		{E3117E05-4307-4EAF-B638-D3DAF678AADB}.Release|Any CPU.ActiveCfg = Release|Any CPU
		{E3117E05-4307-4EAF-B638-D3DAF678AADB}.Release|Any CPU.Build.0 = Release|Any CPU
	EndGlobalSection
EndGlobal
